// !$*UTF8*$!
{
	archiveVersion = 1;
	classes = {
	};
	objectVersion = 46;
	objects = {

/* Begin PBXBuildFile section */
		C76DCF951B492E57006B6327 /* AppDelegate.swift in Sources */ = {isa = PBXBuildFile; fileRef = C76DCF941B492E57006B6327 /* AppDelegate.swift */; };
		C76DCF9A1B492E57006B6327 /* Main.storyboard in Resources */ = {isa = PBXBuildFile; fileRef = C76DCF981B492E57006B6327 /* Main.storyboard */; };
		C76DCF9C1B492E57006B6327 /* Images.xcassets in Resources */ = {isa = PBXBuildFile; fileRef = C76DCF9B1B492E57006B6327 /* Images.xcassets */; };
		C76DCF9F1B492E57006B6327 /* LaunchScreen.xib in Resources */ = {isa = PBXBuildFile; fileRef = C76DCF9D1B492E57006B6327 /* LaunchScreen.xib */; };
		C76DCFAB1B492E58006B6327 /* SwiftSampleDelegateTests.swift in Sources */ = {isa = PBXBuildFile; fileRef = C76DCFAA1B492E58006B6327 /* SwiftSampleDelegateTests.swift */; };
		C76DCFBD1B494291006B6327 /* ReceiverViewController.swift in Sources */ = {isa = PBXBuildFile; fileRef = C76DCFBC1B494291006B6327 /* ReceiverViewController.swift */; };
		C76DCFBF1B4942A3006B6327 /* SenderViewController.swift in Sources */ = {isa = PBXBuildFile; fileRef = C76DCFBE1B4942A3006B6327 /* SenderViewController.swift */; };
/* End PBXBuildFile section */

/* Begin PBXContainerItemProxy section */
		C76DCFA51B492E57006B6327 /* PBXContainerItemProxy */ = {
			isa = PBXContainerItemProxy;
			containerPortal = C76DCF871B492E57006B6327 /* Project object */;
			proxyType = 1;
			remoteGlobalIDString = C76DCF8E1B492E57006B6327;
			remoteInfo = SwiftSampleDelegate;
		};
/* End PBXContainerItemProxy section */

/* Begin PBXFileReference section */
		C76DCF8F1B492E57006B6327 /* SwiftSampleDelegate.app */ = {isa = PBXFileReference; explicitFileType = wrapper.application; includeInIndex = 0; path = SwiftSampleDelegate.app; sourceTree = BUILT_PRODUCTS_DIR; };
		C76DCF931B492E57006B6327 /* Info.plist */ = {isa = PBXFileReference; lastKnownFileType = text.plist.xml; path = Info.plist; sourceTree = "<group>"; };
		C76DCF941B492E57006B6327 /* AppDelegate.swift */ = {isa = PBXFileReference; lastKnownFileType = sourcecode.swift; path = AppDelegate.swift; sourceTree = "<group>"; };
		C76DCF991B492E57006B6327 /* Base */ = {isa = PBXFileReference; lastKnownFileType = file.storyboard; name = Base; path = Base.lproj/Main.storyboard; sourceTree = "<group>"; };
		C76DCF9B1B492E57006B6327 /* Images.xcassets */ = {isa = PBXFileReference; lastKnownFileType = folder.assetcatalog; path = Images.xcassets; sourceTree = "<group>"; };
		C76DCF9E1B492E57006B6327 /* Base */ = {isa = PBXFileReference; lastKnownFileType = file.xib; name = Base; path = Base.lproj/LaunchScreen.xib; sourceTree = "<group>"; };
		C76DCFA41B492E57006B6327 /* SwiftSampleDelegateTests.xctest */ = {isa = PBXFileReference; explicitFileType = wrapper.cfbundle; includeInIndex = 0; path = SwiftSampleDelegateTests.xctest; sourceTree = BUILT_PRODUCTS_DIR; };
		C76DCFA91B492E58006B6327 /* Info.plist */ = {isa = PBXFileReference; lastKnownFileType = text.plist.xml; path = Info.plist; sourceTree = "<group>"; };
		C76DCFAA1B492E58006B6327 /* SwiftSampleDelegateTests.swift */ = {isa = PBXFileReference; lastKnownFileType = sourcecode.swift; path = SwiftSampleDelegateTests.swift; sourceTree = "<group>"; };
		C76DCFBC1B494291006B6327 /* ReceiverViewController.swift */ = {isa = PBXFileReference; fileEncoding = 4; lastKnownFileType = sourcecode.swift; name = ReceiverViewController.swift; path = ViewControllers/ReceiverViewController.swift; sourceTree = "<group>"; };
		C76DCFBE1B4942A3006B6327 /* SenderViewController.swift */ = {isa = PBXFileReference; fileEncoding = 4; lastKnownFileType = sourcecode.swift; name = SenderViewController.swift; path = ViewControllers/SenderViewController.swift; sourceTree = "<group>"; };
/* End PBXFileReference section */

/* Begin PBXFrameworksBuildPhase section */
		C76DCF8C1B492E57006B6327 /* Frameworks */ = {
			isa = PBXFrameworksBuildPhase;
			buildActionMask = 2147483647;
			files = (
			);
			runOnlyForDeploymentPostprocessing = 0;
		};
		C76DCFA11B492E57006B6327 /* Frameworks */ = {
			isa = PBXFrameworksBuildPhase;
			buildActionMask = 2147483647;
			files = (
			);
			runOnlyForDeploymentPostprocessing = 0;
		};
/* End PBXFrameworksBuildPhase section */

/* Begin PBXGroup section */
		C76DCF861B492E57006B6327 = {
			isa = PBXGroup;
			children = (
				C76DCF911B492E57006B6327 /* SwiftSampleDelegate */,
				C76DCFA71B492E58006B6327 /* SwiftSampleDelegateTests */,
				C76DCF901B492E57006B6327 /* Products */,
			);
			sourceTree = "<group>";
		};
		C76DCF901B492E57006B6327 /* Products */ = {
			isa = PBXGroup;
			children = (
				C76DCF8F1B492E57006B6327 /* SwiftSampleDelegate.app */,
				C76DCFA41B492E57006B6327 /* SwiftSampleDelegateTests.xctest */,
			);
			name = Products;
			sourceTree = "<group>";
		};
		C76DCF911B492E57006B6327 /* SwiftSampleDelegate */ = {
			isa = PBXGroup;
			children = (
				C76DCF941B492E57006B6327 /* AppDelegate.swift */,
				C76DCF9B1B492E57006B6327 /* Images.xcassets */,
				C76DCF9D1B492E57006B6327 /* LaunchScreen.xib */,
				C76DCF981B492E57006B6327 /* Main.storyboard */,
				C76DCF921B492E57006B6327 /* Supporting Files */,
				C76DCFBB1B494231006B6327 /* ViewControllers */,
			);
			path = SwiftSampleDelegate;
			sourceTree = "<group>";
		};
		C76DCF921B492E57006B6327 /* Supporting Files */ = {
			isa = PBXGroup;
			children = (
				C76DCF931B492E57006B6327 /* Info.plist */,
			);
			name = "Supporting Files";
			sourceTree = "<group>";
		};
		C76DCFA71B492E58006B6327 /* SwiftSampleDelegateTests */ = {
			isa = PBXGroup;
			children = (
				C76DCFAA1B492E58006B6327 /* SwiftSampleDelegateTests.swift */,
				C76DCFA81B492E58006B6327 /* Supporting Files */,
			);
			path = SwiftSampleDelegateTests;
			sourceTree = "<group>";
		};
		C76DCFA81B492E58006B6327 /* Supporting Files */ = {
			isa = PBXGroup;
			children = (
				C76DCFA91B492E58006B6327 /* Info.plist */,
			);
			name = "Supporting Files";
			sourceTree = "<group>";
		};
		C76DCFBB1B494231006B6327 /* ViewControllers */ = {
			isa = PBXGroup;
			children = (
				C76DCFBC1B494291006B6327 /* ReceiverViewController.swift */,
				C76DCFBE1B4942A3006B6327 /* SenderViewController.swift */,
			);
			name = ViewControllers;
			sourceTree = "<group>";
		};
/* End PBXGroup section */

/* Begin PBXNativeTarget section */
		C76DCF8E1B492E57006B6327 /* SwiftSampleDelegate */ = {
			isa = PBXNativeTarget;
			buildConfigurationList = C76DCFAE1B492E58006B6327 /* Build configuration list for PBXNativeTarget "SwiftSampleDelegate" */;
			buildPhases = (
				C76DCF8B1B492E57006B6327 /* Sources */,
				C76DCF8C1B492E57006B6327 /* Frameworks */,
				C76DCF8D1B492E57006B6327 /* Resources */,
			);
			buildRules = (
			);
			dependencies = (
			);
			name = SwiftSampleDelegate;
			productName = SwiftSampleDelegate;
			productReference = C76DCF8F1B492E57006B6327 /* SwiftSampleDelegate.app */;
			productType = "com.apple.product-type.application";
		};
		C76DCFA31B492E57006B6327 /* SwiftSampleDelegateTests */ = {
			isa = PBXNativeTarget;
			buildConfigurationList = C76DCFB11B492E58006B6327 /* Build configuration list for PBXNativeTarget "SwiftSampleDelegateTests" */;
			buildPhases = (
				C76DCFA01B492E57006B6327 /* Sources */,
				C76DCFA11B492E57006B6327 /* Frameworks */,
				C76DCFA21B492E57006B6327 /* Resources */,
			);
			buildRules = (
			);
			dependencies = (
				C76DCFA61B492E57006B6327 /* PBXTargetDependency */,
			);
			name = SwiftSampleDelegateTests;
			productName = SwiftSampleDelegateTests;
			productReference = C76DCFA41B492E57006B6327 /* SwiftSampleDelegateTests.xctest */;
			productType = "com.apple.product-type.bundle.unit-test";
		};
/* End PBXNativeTarget section */

/* Begin PBXProject section */
		C76DCF871B492E57006B6327 /* Project object */ = {
			isa = PBXProject;
			attributes = {
				LastUpgradeCheck = 0640;
				ORGANIZATIONNAME = sushichop;
				TargetAttributes = {
					C76DCF8E1B492E57006B6327 = {
						CreatedOnToolsVersion = 6.4;
					};
					C76DCFA31B492E57006B6327 = {
						CreatedOnToolsVersion = 6.4;
						TestTargetID = C76DCF8E1B492E57006B6327;
					};
				};
			};
			buildConfigurationList = C76DCF8A1B492E57006B6327 /* Build configuration list for PBXProject "SwiftSampleDelegate" */;
			compatibilityVersion = "Xcode 3.2";
			developmentRegion = English;
			hasScannedForEncodings = 0;
			knownRegions = (
				en,
				Base,
			);
			mainGroup = C76DCF861B492E57006B6327;
			productRefGroup = C76DCF901B492E57006B6327 /* Products */;
			projectDirPath = "";
			projectRoot = "";
			targets = (
				C76DCF8E1B492E57006B6327 /* SwiftSampleDelegate */,
				C76DCFA31B492E57006B6327 /* SwiftSampleDelegateTests */,
			);
		};
/* End PBXProject section */

/* Begin PBXResourcesBuildPhase section */
		C76DCF8D1B492E57006B6327 /* Resources */ = {
			isa = PBXResourcesBuildPhase;
			buildActionMask = 2147483647;
			files = (
				C76DCF9A1B492E57006B6327 /* Main.storyboard in Resources */,
				C76DCF9F1B492E57006B6327 /* LaunchScreen.xib in Resources */,
				C76DCF9C1B492E57006B6327 /* Images.xcassets in Resources */,
			);
			runOnlyForDeploymentPostprocessing = 0;
		};
		C76DCFA21B492E57006B6327 /* Resources */ = {
			isa = PBXResourcesBuildPhase;
			buildActionMask = 2147483647;
			files = (
			);
			runOnlyForDeploymentPostprocessing = 0;
		};
/* End PBXResourcesBuildPhase section */

/* Begin PBXSourcesBuildPhase section */
		C76DCF8B1B492E57006B6327 /* Sources */ = {
			isa = PBXSourcesBuildPhase;
			buildActionMask = 2147483647;
			files = (
				C76DCFBF1B4942A3006B6327 /* SenderViewController.swift in Sources */,
				C76DCFBD1B494291006B6327 /* ReceiverViewController.swift in Sources */,
				C76DCF951B492E57006B6327 /* AppDelegate.swift in Sources */,
			);
			runOnlyForDeploymentPostprocessing = 0;
		};
		C76DCFA01B492E57006B6327 /* Sources */ = {
			isa = PBXSourcesBuildPhase;
			buildActionMask = 2147483647;
			files = (
				C76DCFAB1B492E58006B6327 /* SwiftSampleDelegateTests.swift in Sources */,
			);
			runOnlyForDeploymentPostprocessing = 0;
		};
/* End PBXSourcesBuildPhase section */

/* Begin PBXTargetDependency section */
		C76DCFA61B492E57006B6327 /* PBXTargetDependency */ = {
			isa = PBXTargetDependency;
			target = C76DCF8E1B492E57006B6327 /* SwiftSampleDelegate */;
			targetProxy = C76DCFA51B492E57006B6327 /* PBXContainerItemProxy */;
		};
/* End PBXTargetDependency section */

/* Begin PBXVariantGroup section */
		C76DCF981B492E57006B6327 /* Main.storyboard */ = {
			isa = PBXVariantGroup;
			children = (
				C76DCF991B492E57006B6327 /* Base */,
			);
			name = Main.storyboard;
			sourceTree = "<group>";
		};
		C76DCF9D1B492E57006B6327 /* LaunchScreen.xib */ = {
			isa = PBXVariantGroup;
			children = (
				C76DCF9E1B492E57006B6327 /* Base */,
			);
			name = LaunchScreen.xib;
			sourceTree = "<group>";
		};
/* End PBXVariantGroup section */

/* Begin XCBuildConfiguration section */
		C76DCFAC1B492E58006B6327 /* Debug */ = {
			isa = XCBuildConfiguration;
			buildSettings = {
				ALWAYS_SEARCH_USER_PATHS = NO;
				CLANG_CXX_LANGUAGE_STANDARD = "gnu++0x";
				CLANG_CXX_LIBRARY = "libc++";
				CLANG_ENABLE_MODULES = YES;
				CLANG_ENABLE_OBJC_ARC = YES;
				CLANG_WARN_BOOL_CONVERSION = YES;
				CLANG_WARN_CONSTANT_CONVERSION = YES;
				CLANG_WARN_DIRECT_OBJC_ISA_USAGE = YES_ERROR;
				CLANG_WARN_EMPTY_BODY = YES;
				CLANG_WARN_ENUM_CONVERSION = YES;
				CLANG_WARN_INT_CONVERSION = YES;
				CLANG_WARN_OBJC_ROOT_CLASS = YES_ERROR;
				CLANG_WARN_UNREACHABLE_CODE = YES;
				CLANG_WARN__DUPLICATE_METHOD_MATCH = YES;
				"CODE_SIGN_IDENTITY[sdk=iphoneos*]" = "iPhone Developer";
				COPY_PHASE_STRIP = NO;
				DEBUG_INFORMATION_FORMAT = "dwarf-with-dsym";
				ENABLE_STRICT_OBJC_MSGSEND = YES;
				GCC_C_LANGUAGE_STANDARD = gnu99;
				GCC_DYNAMIC_NO_PIC = NO;
				GCC_NO_COMMON_BLOCKS = YES;
				GCC_OPTIMIZATION_LEVEL = 0;
				GCC_PREPROCESSOR_DEFINITIONS = (
					"DEBUG=1",
					"$(inherited)",
				);
				GCC_SYMBOLS_PRIVATE_EXTERN = NO;
				GCC_WARN_64_TO_32_BIT_CONVERSION = YES;
				GCC_WARN_ABOUT_RETURN_TYPE = YES_ERROR;
				GCC_WARN_UNDECLARED_SELECTOR = YES;
				GCC_WARN_UNINITIALIZED_AUTOS = YES_AGGRESSIVE;
				GCC_WARN_UNUSED_FUNCTION = YES;
				GCC_WARN_UNUSED_VARIABLE = YES;
				IPHONEOS_DEPLOYMENT_TARGET = 8.4;
				MTL_ENABLE_DEBUG_INFO = YES;
				ONLY_ACTIVE_ARCH = YES;
				SDKROOT = iphoneos;
				SWIFT_OPTIMIZATION_LEVEL = "-Onone";
				TARGETED_DEVICE_FAMILY = "1,2";
			};
			name = Debug;
		};
		C76DCFAD1B492E58006B6327 /* Release */ = {
			isa = XCBuildConfiguration;
			buildSettings = {
				ALWAYS_SEARCH_USER_PATHS = NO;
				CLANG_CXX_LANGUAGE_STANDARD = "gnu++0x";
				CLANG_CXX_LIBRARY = "libc++";
				CLANG_ENABLE_MODULES = YES;
				CLANG_ENABLE_OBJC_ARC = YES;
				CLANG_WARN_BOOL_CONVERSION = YES;
				CLANG_WARN_CONSTANT_CONVERSION = YES;
				CLANG_WARN_DIRECT_OBJC_ISA_USAGE = YES_ERROR;
				CLANG_WARN_EMPTY_BODY = YES;
				CLANG_WARN_ENUM_CONVERSION = YES;
				CLANG_WARN_INT_CONVERSION = YES;
				CLANG_WARN_OBJC_ROOT_CLASS = YES_ERROR;
				CLANG_WARN_UNREACHABLE_CODE = YES;
				CLANG_WARN__DUPLICATE_METHOD_MATCH = YES;
				"CODE_SIGN_IDENTITY[sdk=iphoneos*]" = "iPhone Developer";
				COPY_PHASE_STRIP = NO;
				DEBUG_INFORMATION_FORMAT = "dwarf-with-dsym";
				ENABLE_NS_ASSERTIONS = NO;
				ENABLE_STRICT_OBJC_MSGSEND = YES;
				GCC_C_LANGUAGE_STANDARD = gnu99;
				GCC_NO_COMMON_BLOCKS = YES;
				GCC_WARN_64_TO_32_BIT_CONVERSION = YES;
				GCC_WARN_ABOUT_RETURN_TYPE = YES_ERROR;
				GCC_WARN_UNDECLARED_SELECTOR = YES;
				GCC_WARN_UNINITIALIZED_AUTOS = YES_AGGRESSIVE;
				GCC_WARN_UNUSED_FUNCTION = YES;
				GCC_WARN_UNUSED_VARIABLE = YES;
				IPHONEOS_DEPLOYMENT_TARGET = 8.4;
				MTL_ENABLE_DEBUG_INFO = NO;
				SDKROOT = iphoneos;
				TARGETED_DEVICE_FAMILY = "1,2";
				VALIDATE_PRODUCT = YES;
			};
			name = Release;
		};
		C76DCFAF1B492E58006B6327 /* Debug */ = {
			isa = XCBuildConfiguration;
			buildSettings = {
				ASSETCATALOG_COMPILER_APPICON_NAME = AppIcon;
				INFOPLIST_FILE = SwiftSampleDelegate/Info.plist;
				LD_RUNPATH_SEARCH_PATHS = "$(inherited) @executable_path/Frameworks";
				PRODUCT_NAME = "$(TARGET_NAME)";
			};
			name = Debug;
		};
		C76DCFB01B492E58006B6327 /* Release */ = {
			isa = XCBuildConfiguration;
			buildSettings = {
				ASSETCATALOG_COMPILER_APPICON_NAME = AppIcon;
				INFOPLIST_FILE = SwiftSampleDelegate/Info.plist;
				LD_RUNPATH_SEARCH_PATHS = "$(inherited) @executable_path/Frameworks";
				PRODUCT_NAME = "$(TARGET_NAME)";
			};
			name = Release;
		};
		C76DCFB21B492E58006B6327 /* Debug */ = {
			isa = XCBuildConfiguration;
			buildSettings = {
				BUNDLE_LOADER = "$(TEST_HOST)";
				FRAMEWORK_SEARCH_PATHS = (
					"$(SDKROOT)/Developer/Library/Frameworks",
					"$(inherited)",
				);
				GCC_PREPROCESSOR_DEFINITIONS = (
					"DEBUG=1",
					"$(inherited)",
				);
				INFOPLIST_FILE = SwiftSampleDelegateTests/Info.plist;
				LD_RUNPATH_SEARCH_PATHS = "$(inherited) @executable_path/Frameworks @loader_path/Frameworks";
				PRODUCT_NAME = "$(TARGET_NAME)";
				TEST_HOST = "$(BUILT_PRODUCTS_DIR)/SwiftSampleDelegate.app/SwiftSampleDelegate";
			};
			name = Debug;
		};
		C76DCFB31B492E58006B6327 /* Release */ = {
			isa = XCBuildConfiguration;
			buildSettings = {
				BUNDLE_LOADER = "$(TEST_HOST)";
				FRAMEWORK_SEARCH_PATHS = (
					"$(SDKROOT)/Developer/Library/Frameworks",
					"$(inherited)",
				);
				INFOPLIST_FILE = SwiftSampleDelegateTests/Info.plist;
				LD_RUNPATH_SEARCH_PATHS = "$(inherited) @executable_path/Frameworks @loader_path/Frameworks";
				PRODUCT_NAME = "$(TARGET_NAME)";
				TEST_HOST = "$(BUILT_PRODUCTS_DIR)/SwiftSampleDelegate.app/SwiftSampleDelegate";
			};
			name = Release;
		};
/* End XCBuildConfiguration section */

/* Begin XCConfigurationList section */
		C76DCF8A1B492E57006B6327 /* Build configuration list for PBXProject "SwiftSampleDelegate" */ = {
			isa = XCConfigurationList;
			buildConfigurations = (
				C76DCFAC1B492E58006B6327 /* Debug */,
				C76DCFAD1B492E58006B6327 /* Release */,
			);
			defaultConfigurationIsVisible = 0;
			defaultConfigurationName = Release;
		};
		C76DCFAE1B492E58006B6327 /* Build configuration list for PBXNativeTarget "SwiftSampleDelegate" */ = {
			isa = XCConfigurationList;
			buildConfigurations = (
				C76DCFAF1B492E58006B6327 /* Debug */,
				C76DCFB01B492E58006B6327 /* Release */,
			);
			defaultConfigurationIsVisible = 0;
			defaultConfigurationName = Release;
		};
		C76DCFB11B492E58006B6327 /* Build configuration list for PBXNativeTarget "SwiftSampleDelegateTests" */ = {
			isa = XCConfigurationList;
			buildConfigurations = (
				C76DCFB21B492E58006B6327 /* Debug */,
				C76DCFB31B492E58006B6327 /* Release */,
			);
			defaultConfigurationIsVisible = 0;
			defaultConfigurationName = Release;
		};
/* End XCConfigurationList section */
	};
	rootObject = C76DCF871B492E57006B6327 /* Project object */;
}
